{
  "name": "minecraftservertracker",
  "version": "1.0.0",
  "lockfileVersion": 1,
  "requires": true,
  "dependencies": {
    "ansi-styles": {
      "version": "5.0.0",
      "resolved": "https://registry.npmjs.org/ansi-styles/-/ansi-styles-5.0.0.tgz",
      "integrity": "sha512-6564t0m0fuQMnockqBv7wJxo9T5C2V9JpYXyNScfRDPVLusOQQhkpMGrFC17QbiolraQ1sMXX+Y5nJpjqozL4g==",
      "dev": true
    },
    "minecraft-server-util": {
      "version": "3.4.2",
      "resolved": "https://registry.npmjs.org/minecraft-server-util/-/minecraft-server-util-3.4.2.tgz",
      "integrity": "sha512-4iErpsCgPzj7SyWWMJiAv6DVWWQ+89sEcKxY1BfArvOzrK/xlnwf6+Ypm7Bp29BV10hTA3UMLq+qBSzCht+fMQ==",
      "dev": true,
      "requires": {
        "ansi-styles": "^5.0.0"
      }
    },
    "moment": {
      "version": "2.29.1",
      "resolved": "https://registry.npmjs.org/moment/-/moment-2.29.1.tgz",
      "integrity": "sha512-kHmoybcPV8Sqy59DwNDY3Jefr64lK/by/da0ViFcuA4DH0vQg5Q6Ze5VimxkfQNSC+Mls/Kx53s7TjP1RhFEDQ=="
    },
    "moment-duration-format": {
      "version": "2.3.2",
      "resolved": "https://registry.npmjs.org/moment-duration-format/-/moment-duration-format-2.3.2.tgz",
      "integrity": "sha512-cBMXjSW+fjOb4tyaVHuaVE/A5TqkukDWiOfxxAjY+PEqmmBQlLwn+8OzwPiG3brouXKY5Un4pBjAeB6UToXHaQ=="
    }
  }
}
